
Microsoft Visual Studio Solution File, Format Version 12.00
# Visual Studio 15
VisualStudioVersion = 15.0.28307.572
MinimumVisualStudioVersion = 10.0.40219.1
Project("{FAE04EC0-301F-11D3-BF4B-00C04F79EFBC}") = "Loop1To100", "Loop1To100\Loop1To100.csproj", "{AE7D56C7-832B-414F-B91E-D3D335E582AE}"
EndProject
Global
	GlobalSection(SolutionConfigurationPlatforms) = preSolution
		Debug|Any CPU = Debug|Any CPU
		Release|Any CPU = Release|Any CPU
	EndGlobalSection
	GlobalSection(ProjectConfigurationPlatforms) = postSolution
		{AE7D56C7-832B-414F-B91E-D3D335E582AE}.Debug|Any CPU.ActiveCfg = Debug|Any CPU
		{AE7D56C7-832B-414F-B91E-D3D335E582AE}.Debug|Any CPU.Build.0 = Debug|Any CPU
		{AE7D56C7-832B-414F-B91E-D3D335E582AE}.Release|Any CPU.ActiveCfg = Release|Any CPU
		{AE7D56C7-832B-414F-B91E-D3D335E582AE}.Release|Any CPU.Build.0 = Release|Any CPU
	EndGlobalSection
	GlobalSection(SolutionProperties) = preSolution
		HideSolutionNode = FALSE
	EndGlobalSection
	GlobalSection(ExtensibilityGlobals) = postSolution
		SolutionGuid = {0DD1347F-F63A-4A4C-A548-E9036FB5CBA5}
	EndGlobalSection
EndGlobal
